
Microsoft Visual Studio Solution File, Format Version 12.00
# Visual Studio Version 16
VisualStudioVersion = 16.0.30611.23
MinimumVisualStudioVersion = 10.0.40219.1
Project("{8BC9CEB8-8B4A-11D0-8D11-00A0C91BC942}") = "ScrollWindowMsg", "ScrollWindowMsg.vcxproj", "{87C691F5-F959-4660-8B77-29856096C8D3}"
	ProjectSection(ProjectDependencies) = postProject
		{26482FB9-45CC-4188-8CA1-B86456967F47} = {26482FB9-45CC-4188-8CA1-B86456967F47}
	EndProjectSection
EndProject
Project("{8BC9CEB8-8B4A-11D0-8D11-00A0C91BC942}") = "libstudxml", "libstudxml\xml\libstudxml.vcxproj", "{26482FB9-45CC-4188-8CA1-B86456967F47}"
EndProject
Global
	GlobalSection(SolutionConfigurationPlatforms) = preSolution
		Debug|x64 = Debug|x64
		Debug|x86 = Debug|x86
		Release|x64 = Release|x64
		Release|x86 = Release|x86
	EndGlobalSection
	GlobalSection(ProjectConfigurationPlatforms) = postSolution
		{87C691F5-F959-4660-8B77-29856096C8D3}.Debug|x64.ActiveCfg = Debug|x64
		{87C691F5-F959-4660-8B77-29856096C8D3}.Debug|x64.Build.0 = Debug|x64
		{87C691F5-F959-4660-8B77-29856096C8D3}.Debug|x86.ActiveCfg = Debug|Win32
		{87C691F5-F959-4660-8B77-29856096C8D3}.Debug|x86.Build.0 = Debug|Win32
		{87C691F5-F959-4660-8B77-29856096C8D3}.Release|x64.ActiveCfg = Release|x64
		{87C691F5-F959-4660-8B77-29856096C8D3}.Release|x64.Build.0 = Release|x64
		{87C691F5-F959-4660-8B77-29856096C8D3}.Release|x86.ActiveCfg = Release|Win32
		{87C691F5-F959-4660-8B77-29856096C8D3}.Release|x86.Build.0 = Release|Win32
		{26482FB9-45CC-4188-8CA1-B86456967F47}.Debug|x64.ActiveCfg = Debug|x64
		{26482FB9-45CC-4188-8CA1-B86456967F47}.Debug|x64.Build.0 = Debug|x64
		{26482FB9-45CC-4188-8CA1-B86456967F47}.Debug|x86.ActiveCfg = Debug|Win32
		{26482FB9-45CC-4188-8CA1-B86456967F47}.Debug|x86.Build.0 = Debug|Win32
		{26482FB9-45CC-4188-8CA1-B86456967F47}.Release|x64.ActiveCfg = Release|x64
		{26482FB9-45CC-4188-8CA1-B86456967F47}.Release|x64.Build.0 = Release|x64
		{26482FB9-45CC-4188-8CA1-B86456967F47}.Release|x86.ActiveCfg = Release|Win32
		{26482FB9-45CC-4188-8CA1-B86456967F47}.Release|x86.Build.0 = Release|Win32
	EndGlobalSection
	GlobalSection(SolutionProperties) = preSolution
		HideSolutionNode = FALSE
	EndGlobalSection
	GlobalSection(ExtensibilityGlobals) = postSolution
		SolutionGuid = {CA2022E6-C057-47B6-A833-4B97B3195814}
	EndGlobalSection
EndGlobal
